
Microsoft Visual Studio Solution File, Format Version 12.00
# Visual Studio Version 17
VisualStudioVersion = 17.11.35327.3
MinimumVisualStudioVersion = 10.0.40219.1
Project("{9A19103F-16F7-4668-BE54-9A1E7A4F7556}") = "SSJD.Entities", "SSJD.Entities\SSJD.Entities.csproj", "{526A36B5-D385-4035-9264-FCC583C7D8AB}"
EndProject
Project("{9A19103F-16F7-4668-BE54-9A1E7A4F7556}") = "SSJD.DataAccess", "SSJD.DataAccess\SSJD.DataAccess.csproj", "{ABBB1A4C-51F3-4050-80C6-A0ADA2E423EB}"
EndProject
Project("{9A19103F-16F7-4668-BE54-9A1E7A4F7556}") = "SSJD.Services", "SSJD.Services\SSJD.Services.csproj", "{6FE4817F-F9D4-4D99-833F-4DF7FD2B7B2E}"
EndProject
Project("{9A19103F-16F7-4668-BE54-9A1E7A4F7556}") = "SSJD.ViewModel", "SSJD.ViewModel\SSJD.ViewModel.csproj", "{FAD61476-3C81-42B4-864C-064719858E1B}"
EndProject
Project("{9A19103F-16F7-4668-BE54-9A1E7A4F7556}") = "StoreSellingJapaneseDomestics", "StoreSellingJapaneseDomestics\StoreSellingJapaneseDomestics.csproj", "{0D845EAE-E0BF-4132-A49E-E97C5D05134E}"
EndProject
Global
	GlobalSection(SolutionConfigurationPlatforms) = preSolution
		Debug|Any CPU = Debug|Any CPU
		Release|Any CPU = Release|Any CPU
	EndGlobalSection
	GlobalSection(ProjectConfigurationPlatforms) = postSolution
		{526A36B5-D385-4035-9264-FCC583C7D8AB}.Debug|Any CPU.ActiveCfg = Debug|Any CPU
		{526A36B5-D385-4035-9264-FCC583C7D8AB}.Debug|Any CPU.Build.0 = Debug|Any CPU
		{526A36B5-D385-4035-9264-FCC583C7D8AB}.Release|Any CPU.ActiveCfg = Release|Any CPU
		{526A36B5-D385-4035-9264-FCC583C7D8AB}.Release|Any CPU.Build.0 = Release|Any CPU
		{ABBB1A4C-51F3-4050-80C6-A0ADA2E423EB}.Debug|Any CPU.ActiveCfg = Debug|Any CPU
		{ABBB1A4C-51F3-4050-80C6-A0ADA2E423EB}.Debug|Any CPU.Build.0 = Debug|Any CPU
		{ABBB1A4C-51F3-4050-80C6-A0ADA2E423EB}.Release|Any CPU.ActiveCfg = Release|Any CPU
		{ABBB1A4C-51F3-4050-80C6-A0ADA2E423EB}.Release|Any CPU.Build.0 = Release|Any CPU
		{6FE4817F-F9D4-4D99-833F-4DF7FD2B7B2E}.Debug|Any CPU.ActiveCfg = Debug|Any CPU
		{6FE4817F-F9D4-4D99-833F-4DF7FD2B7B2E}.Debug|Any CPU.Build.0 = Debug|Any CPU
		{6FE4817F-F9D4-4D99-833F-4DF7FD2B7B2E}.Release|Any CPU.ActiveCfg = Release|Any CPU
		{6FE4817F-F9D4-4D99-833F-4DF7FD2B7B2E}.Release|Any CPU.Build.0 = Release|Any CPU
		{FAD61476-3C81-42B4-864C-064719858E1B}.Debug|Any CPU.ActiveCfg = Debug|Any CPU
		{FAD61476-3C81-42B4-864C-064719858E1B}.Debug|Any CPU.Build.0 = Debug|Any CPU
		{FAD61476-3C81-42B4-864C-064719858E1B}.Release|Any CPU.ActiveCfg = Release|Any CPU
		{FAD61476-3C81-42B4-864C-064719858E1B}.Release|Any CPU.Build.0 = Release|Any CPU
		{0D845EAE-E0BF-4132-A49E-E97C5D05134E}.Debug|Any CPU.ActiveCfg = Debug|Any CPU
		{0D845EAE-E0BF-4132-A49E-E97C5D05134E}.Debug|Any CPU.Build.0 = Debug|Any CPU
		{0D845EAE-E0BF-4132-A49E-E97C5D05134E}.Release|Any CPU.ActiveCfg = Release|Any CPU
		{0D845EAE-E0BF-4132-A49E-E97C5D05134E}.Release|Any CPU.Build.0 = Release|Any CPU
	EndGlobalSection
	GlobalSection(SolutionProperties) = preSolution
		HideSolutionNode = FALSE
	EndGlobalSection
	GlobalSection(ExtensibilityGlobals) = postSolution
		SolutionGuid = {7CD8A8D5-7545-4DCD-9ECF-F78D3354C360}
	EndGlobalSection
EndGlobal
